{
  "name": "@stitches/tailwind",
  "version": "5.2.3",
  "lockfileVersion": 1,
  "requires": true,
  "dependencies": {
    "@stitches/css": {
      "version": "1.1.7",
      "requires": {
        "@types/node": "^13.11.1",
        "csstype": "^2.6.10",
        "tslib": "^1.11.1"
      },
      "dependencies": {
        "@types/node": {
          "version": "13.11.1",
          "resolved": "https://registry.npmjs.org/@types/node/-/node-13.11.1.tgz",
          "integrity": "sha512-eWQGP3qtxwL8FGneRrC5DwrJLGN4/dH1clNTuLfN81HCrxVtxRjygDTUoZJ5ASlDEeo0ppYFQjQIlXhtXpOn6g=="
        },
        "csstype": {
          "version": "2.6.10",
          "resolved": "https://registry.npmjs.org/csstype/-/csstype-2.6.10.tgz",
          "integrity": "sha512-D34BqZU4cIlMCY93rZHbrq9pjTAQJ3U8S8rfBqjwHxkGPThWFjzZDQpgMJY0QViLxth6ZKYiwFBo14RdN44U/w=="
        },
        "tslib": {
          "version": "1.11.1",
          "resolved": "https://registry.npmjs.org/tslib/-/tslib-1.11.1.tgz",
          "integrity": "sha512-aZW88SY8kQbU7gpV19lN24LtXh/yD4ZZg6qieAJDDg+YBsJcSmLGK9QpnUjAKVG/xefmvJGd1WUmfpT/g6AJGA=="
        }
      }
    },
    "@types/node": {
      "version": "13.13.0",
      "resolved": "https://registry.npmjs.org/@types/node/-/node-13.13.0.tgz",
      "integrity": "sha512-WE4IOAC6r/yBZss1oQGM5zs2D7RuKR6Q+w+X2SouPofnWn+LbCqClRyhO3ZE7Ix8nmFgo/oVuuE01cJT2XB13A=="
    },
    "react-polymorphic-box": {
      "version": "1.1.1",
      "resolved": "https://registry.npmjs.org/react-polymorphic-box/-/react-polymorphic-box-1.1.1.tgz",
      "integrity": "sha512-qhyZ8oBUeYZLxqHacYCpAca6zoiYnQ1Y6w7bPdfo0w5mf+aTkMM9SV+Es8uUv9rmEkZ9lSp5C0fRd0gH2VS77Q=="
    },
    "tslib": {
      "version": "1.11.1",
      "resolved": "https://registry.npmjs.org/tslib/-/tslib-1.11.1.tgz",
      "integrity": "sha512-aZW88SY8kQbU7gpV19lN24LtXh/yD4ZZg6qieAJDDg+YBsJcSmLGK9QpnUjAKVG/xefmvJGd1WUmfpT/g6AJGA=="
    }
  }
}
