{
  "name": "@stitches/styled",
  "version": "1.1.5",
  "lockfileVersion": 1,
  "requires": true,
  "dependencies": {
    "@types/node": {
      "version": "13.11.1",
      "resolved": "https://registry.npmjs.org/@types/node/-/node-13.11.1.tgz",
      "integrity": "sha512-eWQGP3qtxwL8FGneRrC5DwrJLGN4/dH1clNTuLfN81HCrxVtxRjygDTUoZJ5ASlDEeo0ppYFQjQIlXhtXpOn6g=="
    },
    "react-polymorphic-box": {
      "version": "1.1.1",
      "resolved": "https://registry.npmjs.org/react-polymorphic-box/-/react-polymorphic-box-1.1.1.tgz",
      "integrity": "sha512-qhyZ8oBUeYZLxqHacYCpAca6zoiYnQ1Y6w7bPdfo0w5mf+aTkMM9SV+Es8uUv9rmEkZ9lSp5C0fRd0gH2VS77Q=="
    },
    "tslib": {
      "version": "1.11.1",
      "resolved": "https://registry.npmjs.org/tslib/-/tslib-1.11.1.tgz",
      "integrity": "sha512-aZW88SY8kQbU7gpV19lN24LtXh/yD4ZZg6qieAJDDg+YBsJcSmLGK9QpnUjAKVG/xefmvJGd1WUmfpT/g6AJGA=="
    }
  }
}
