{
  "name": "@stitches/styled",
  "version": "9.0.0-alpha.1",
  "lockfileVersion": 1,
  "requires": true,
  "dependencies": {
    "@stitches/css": {
      "version": "8.0.0",
      "resolved": "https://registry.npmjs.org/@stitches/css/-/css-8.0.0.tgz",
      "integrity": "sha512-4kedqch9iN/Q/go6ArWbKFIl2Qqxmx8Iyxs1WHCUNJHsL6Y3uLEHXF0H8XvK+X5I9D5HzA6xJzbXSjlksbW0zw==",
      "requires": {
        "@types/node": "^13.11.1",
        "tslib": "^1.11.1"
      }
    },
    "@types/node": {
      "version": "13.11.1",
      "resolved": "https://registry.npmjs.org/@types/node/-/node-13.11.1.tgz",
      "integrity": "sha512-eWQGP3qtxwL8FGneRrC5DwrJLGN4/dH1clNTuLfN81HCrxVtxRjygDTUoZJ5ASlDEeo0ppYFQjQIlXhtXpOn6g=="
    },
    "tslib": {
      "version": "1.11.1",
      "resolved": "https://registry.npmjs.org/tslib/-/tslib-1.11.1.tgz",
      "integrity": "sha512-aZW88SY8kQbU7gpV19lN24LtXh/yD4ZZg6qieAJDDg+YBsJcSmLGK9QpnUjAKVG/xefmvJGd1WUmfpT/g6AJGA=="
    }
  }
}
