# THIS IS AN AUTOGENERATED FILE. DO NOT EDIT THIS FILE DIRECTLY.
# yarn lockfile v1


"@stitches/css@^9.0.0-alpha.5":
  version "9.0.0-alpha.5"
  resolved "https://registry.yarnpkg.com/@stitches/css/-/css-9.0.0-alpha.5.tgz#af991759894dc7fbc4d51d8b7e3c252e051fa81a"
  integrity sha512-uS0LhNOfEQzIbwxY/xt20qte35LsMOxKl1jSd5aGefRY0vwLAygYuNUKsKVnp1Lq1jrxA/7JgeMe/Sc3rQMAkw==
  dependencies:
    "@types/node" "^13.11.1"
    tslib "^1.11.1"

"@types/node@^13.11.1":
  version "13.13.15"
  resolved "https://registry.yarnpkg.com/@types/node/-/node-13.13.15.tgz#fe1cc3aa465a3ea6858b793fd380b66c39919766"
  integrity sha512-kwbcs0jySLxzLsa2nWUAGOd/s21WU1jebrEdtzhsj1D4Yps1EOuyI1Qcu+FD56dL7NRNIJtDDjcqIG22NwkgLw==

tslib@^1.11.1:
  version "1.13.0"
  resolved "https://registry.yarnpkg.com/tslib/-/tslib-1.13.0.tgz#c881e13cc7015894ed914862d276436fa9a47043"
  integrity sha512-i/6DQjL8Xf3be4K/E6Wgpekn5Qasl1usyw++dAA35Ue5orEn65VIxOA+YvNNl9HV3qv70T7CNwjODHZrLwvd1Q==
